
Microsoft Visual Studio Solution File, Format Version 11.00
# Visual Studio 2010
Project("{FAE04EC0-301F-11D3-BF4B-00C04F79EFBC}") = "KM_Lab3", "KM_Lab3\KM_Lab3.csproj", "{5A7550D4-813E-4E83-8075-4A5A4ABF2786}"
EndProject
Global
	GlobalSection(SolutionConfigurationPlatforms) = preSolution
		Debug|x86 = Debug|x86
		Release|x86 = Release|x86
	EndGlobalSection
	GlobalSection(ProjectConfigurationPlatforms) = postSolution
		{5A7550D4-813E-4E83-8075-4A5A4ABF2786}.Debug|x86.ActiveCfg = Debug|x86
		{5A7550D4-813E-4E83-8075-4A5A4ABF2786}.Debug|x86.Build.0 = Debug|x86
		{5A7550D4-813E-4E83-8075-4A5A4ABF2786}.Release|x86.ActiveCfg = Release|x86
		{5A7550D4-813E-4E83-8075-4A5A4ABF2786}.Release|x86.Build.0 = Release|x86
	EndGlobalSection
	GlobalSection(SolutionProperties) = preSolution
		HideSolutionNode = FALSE
	EndGlobalSection
EndGlobal
